
Microsoft Visual Studio Solution File, Format Version 12.00
# Visual Studio 15
VisualStudioVersion = 15.0.26124.0
MinimumVisualStudioVersion = 15.0.26124.0
Project("{FAE04EC0-301F-11D3-BF4B-00C04F79EFBC}") = "guacamole.Domain", "guacamole.Domain\guacamole.Domain.csproj", "{4AC9C00B-2388-423F-A0DE-52A3488B1DD4}"
EndProject
Project("{FAE04EC0-301F-11D3-BF4B-00C04F79EFBC}") = "guacamole.Infra.Data", "guacamole.Infra.Data\guacamole.Infra.Data.csproj", "{B5E613AE-AE64-4FC1-8B37-6D71AADE79B2}"
EndProject
Project("{FAE04EC0-301F-11D3-BF4B-00C04F79EFBC}") = "guacamole.Application", "guacamole.Application\guacamole.Application.csproj", "{5AF7D0AB-3A4F-4A57-AAC7-24AFD5B8DCC5}"
EndProject
Project("{FAE04EC0-301F-11D3-BF4B-00C04F79EFBC}") = "guacamole.Cross.IoC", "guacamole.Cross.IoC\guacamole.Cross.IoC.csproj", "{C537E958-B41B-422B-BA45-0C1881CC6D28}"
EndProject
Project("{FAE04EC0-301F-11D3-BF4B-00C04F79EFBC}") = "guacamole.MicroServices.Main.Api", "guacamole.MicroServices.Main.Api\guacamole.MicroServices.Main.Api.csproj", "{F615AA28-2FAF-43C9-B503-E2928071BDAE}"
EndProject
Project("{FAE04EC0-301F-11D3-BF4B-00C04F79EFBC}") = "guacamole.Cross.Migration", "guacamole.Cross.Migration\guacamole.Cross.Migration.csproj", "{FE21A0F6-0D33-4293-BF51-066F62FA496E}"
EndProject
Global
	GlobalSection(SolutionConfigurationPlatforms) = preSolution
		Debug|Any CPU = Debug|Any CPU
		Debug|x64 = Debug|x64
		Debug|x86 = Debug|x86
		Release|Any CPU = Release|Any CPU
		Release|x64 = Release|x64
		Release|x86 = Release|x86
	EndGlobalSection
	GlobalSection(SolutionProperties) = preSolution
		HideSolutionNode = FALSE
	EndGlobalSection
	GlobalSection(ProjectConfigurationPlatforms) = postSolution
		{4AC9C00B-2388-423F-A0DE-52A3488B1DD4}.Debug|Any CPU.ActiveCfg = Debug|Any CPU
		{4AC9C00B-2388-423F-A0DE-52A3488B1DD4}.Debug|Any CPU.Build.0 = Debug|Any CPU
		{4AC9C00B-2388-423F-A0DE-52A3488B1DD4}.Debug|x64.ActiveCfg = Debug|Any CPU
		{4AC9C00B-2388-423F-A0DE-52A3488B1DD4}.Debug|x64.Build.0 = Debug|Any CPU
		{4AC9C00B-2388-423F-A0DE-52A3488B1DD4}.Debug|x86.ActiveCfg = Debug|Any CPU
		{4AC9C00B-2388-423F-A0DE-52A3488B1DD4}.Debug|x86.Build.0 = Debug|Any CPU
		{4AC9C00B-2388-423F-A0DE-52A3488B1DD4}.Release|Any CPU.ActiveCfg = Release|Any CPU
		{4AC9C00B-2388-423F-A0DE-52A3488B1DD4}.Release|Any CPU.Build.0 = Release|Any CPU
		{4AC9C00B-2388-423F-A0DE-52A3488B1DD4}.Release|x64.ActiveCfg = Release|Any CPU
		{4AC9C00B-2388-423F-A0DE-52A3488B1DD4}.Release|x64.Build.0 = Release|Any CPU
		{4AC9C00B-2388-423F-A0DE-52A3488B1DD4}.Release|x86.ActiveCfg = Release|Any CPU
		{4AC9C00B-2388-423F-A0DE-52A3488B1DD4}.Release|x86.Build.0 = Release|Any CPU
		{B5E613AE-AE64-4FC1-8B37-6D71AADE79B2}.Debug|Any CPU.ActiveCfg = Debug|Any CPU
		{B5E613AE-AE64-4FC1-8B37-6D71AADE79B2}.Debug|Any CPU.Build.0 = Debug|Any CPU
		{B5E613AE-AE64-4FC1-8B37-6D71AADE79B2}.Debug|x64.ActiveCfg = Debug|Any CPU
		{B5E613AE-AE64-4FC1-8B37-6D71AADE79B2}.Debug|x64.Build.0 = Debug|Any CPU
		{B5E613AE-AE64-4FC1-8B37-6D71AADE79B2}.Debug|x86.ActiveCfg = Debug|Any CPU
		{B5E613AE-AE64-4FC1-8B37-6D71AADE79B2}.Debug|x86.Build.0 = Debug|Any CPU
		{B5E613AE-AE64-4FC1-8B37-6D71AADE79B2}.Release|Any CPU.ActiveCfg = Release|Any CPU
		{B5E613AE-AE64-4FC1-8B37-6D71AADE79B2}.Release|Any CPU.Build.0 = Release|Any CPU
		{B5E613AE-AE64-4FC1-8B37-6D71AADE79B2}.Release|x64.ActiveCfg = Release|Any CPU
		{B5E613AE-AE64-4FC1-8B37-6D71AADE79B2}.Release|x64.Build.0 = Release|Any CPU
		{B5E613AE-AE64-4FC1-8B37-6D71AADE79B2}.Release|x86.ActiveCfg = Release|Any CPU
		{B5E613AE-AE64-4FC1-8B37-6D71AADE79B2}.Release|x86.Build.0 = Release|Any CPU
		{5AF7D0AB-3A4F-4A57-AAC7-24AFD5B8DCC5}.Debug|Any CPU.ActiveCfg = Debug|Any CPU
		{5AF7D0AB-3A4F-4A57-AAC7-24AFD5B8DCC5}.Debug|Any CPU.Build.0 = Debug|Any CPU
		{5AF7D0AB-3A4F-4A57-AAC7-24AFD5B8DCC5}.Debug|x64.ActiveCfg = Debug|Any CPU
		{5AF7D0AB-3A4F-4A57-AAC7-24AFD5B8DCC5}.Debug|x64.Build.0 = Debug|Any CPU
		{5AF7D0AB-3A4F-4A57-AAC7-24AFD5B8DCC5}.Debug|x86.ActiveCfg = Debug|Any CPU
		{5AF7D0AB-3A4F-4A57-AAC7-24AFD5B8DCC5}.Debug|x86.Build.0 = Debug|Any CPU
		{5AF7D0AB-3A4F-4A57-AAC7-24AFD5B8DCC5}.Release|Any CPU.ActiveCfg = Release|Any CPU
		{5AF7D0AB-3A4F-4A57-AAC7-24AFD5B8DCC5}.Release|Any CPU.Build.0 = Release|Any CPU
		{5AF7D0AB-3A4F-4A57-AAC7-24AFD5B8DCC5}.Release|x64.ActiveCfg = Release|Any CPU
		{5AF7D0AB-3A4F-4A57-AAC7-24AFD5B8DCC5}.Release|x64.Build.0 = Release|Any CPU
		{5AF7D0AB-3A4F-4A57-AAC7-24AFD5B8DCC5}.Release|x86.ActiveCfg = Release|Any CPU
		{5AF7D0AB-3A4F-4A57-AAC7-24AFD5B8DCC5}.Release|x86.Build.0 = Release|Any CPU
		{C537E958-B41B-422B-BA45-0C1881CC6D28}.Debug|Any CPU.ActiveCfg = Debug|Any CPU
		{C537E958-B41B-422B-BA45-0C1881CC6D28}.Debug|Any CPU.Build.0 = Debug|Any CPU
		{C537E958-B41B-422B-BA45-0C1881CC6D28}.Debug|x64.ActiveCfg = Debug|Any CPU
		{C537E958-B41B-422B-BA45-0C1881CC6D28}.Debug|x64.Build.0 = Debug|Any CPU
		{C537E958-B41B-422B-BA45-0C1881CC6D28}.Debug|x86.ActiveCfg = Debug|Any CPU
		{C537E958-B41B-422B-BA45-0C1881CC6D28}.Debug|x86.Build.0 = Debug|Any CPU
		{C537E958-B41B-422B-BA45-0C1881CC6D28}.Release|Any CPU.ActiveCfg = Release|Any CPU
		{C537E958-B41B-422B-BA45-0C1881CC6D28}.Release|Any CPU.Build.0 = Release|Any CPU
		{C537E958-B41B-422B-BA45-0C1881CC6D28}.Release|x64.ActiveCfg = Release|Any CPU
		{C537E958-B41B-422B-BA45-0C1881CC6D28}.Release|x64.Build.0 = Release|Any CPU
		{C537E958-B41B-422B-BA45-0C1881CC6D28}.Release|x86.ActiveCfg = Release|Any CPU
		{C537E958-B41B-422B-BA45-0C1881CC6D28}.Release|x86.Build.0 = Release|Any CPU
		{F615AA28-2FAF-43C9-B503-E2928071BDAE}.Debug|Any CPU.ActiveCfg = Debug|Any CPU
		{F615AA28-2FAF-43C9-B503-E2928071BDAE}.Debug|Any CPU.Build.0 = Debug|Any CPU
		{F615AA28-2FAF-43C9-B503-E2928071BDAE}.Debug|x64.ActiveCfg = Debug|Any CPU
		{F615AA28-2FAF-43C9-B503-E2928071BDAE}.Debug|x64.Build.0 = Debug|Any CPU
		{F615AA28-2FAF-43C9-B503-E2928071BDAE}.Debug|x86.ActiveCfg = Debug|Any CPU
		{F615AA28-2FAF-43C9-B503-E2928071BDAE}.Debug|x86.Build.0 = Debug|Any CPU
		{F615AA28-2FAF-43C9-B503-E2928071BDAE}.Release|Any CPU.ActiveCfg = Release|Any CPU
		{F615AA28-2FAF-43C9-B503-E2928071BDAE}.Release|Any CPU.Build.0 = Release|Any CPU
		{F615AA28-2FAF-43C9-B503-E2928071BDAE}.Release|x64.ActiveCfg = Release|Any CPU
		{F615AA28-2FAF-43C9-B503-E2928071BDAE}.Release|x64.Build.0 = Release|Any CPU
		{F615AA28-2FAF-43C9-B503-E2928071BDAE}.Release|x86.ActiveCfg = Release|Any CPU
		{F615AA28-2FAF-43C9-B503-E2928071BDAE}.Release|x86.Build.0 = Release|Any CPU
		{FE21A0F6-0D33-4293-BF51-066F62FA496E}.Debug|Any CPU.ActiveCfg = Debug|Any CPU
		{FE21A0F6-0D33-4293-BF51-066F62FA496E}.Debug|Any CPU.Build.0 = Debug|Any CPU
		{FE21A0F6-0D33-4293-BF51-066F62FA496E}.Debug|x64.ActiveCfg = Debug|Any CPU
		{FE21A0F6-0D33-4293-BF51-066F62FA496E}.Debug|x64.Build.0 = Debug|Any CPU
		{FE21A0F6-0D33-4293-BF51-066F62FA496E}.Debug|x86.ActiveCfg = Debug|Any CPU
		{FE21A0F6-0D33-4293-BF51-066F62FA496E}.Debug|x86.Build.0 = Debug|Any CPU
		{FE21A0F6-0D33-4293-BF51-066F62FA496E}.Release|Any CPU.ActiveCfg = Release|Any CPU
		{FE21A0F6-0D33-4293-BF51-066F62FA496E}.Release|Any CPU.Build.0 = Release|Any CPU
		{FE21A0F6-0D33-4293-BF51-066F62FA496E}.Release|x64.ActiveCfg = Release|Any CPU
		{FE21A0F6-0D33-4293-BF51-066F62FA496E}.Release|x64.Build.0 = Release|Any CPU
		{FE21A0F6-0D33-4293-BF51-066F62FA496E}.Release|x86.ActiveCfg = Release|Any CPU
		{FE21A0F6-0D33-4293-BF51-066F62FA496E}.Release|x86.Build.0 = Release|Any CPU
	EndGlobalSection
EndGlobal
